// !$*UTF8*$!
{
	archiveVersion = 1;
	classes = {
	};
	objectVersion = 46;
	objects = {

/* Begin PBXBuildFile section */
		84AC73E51A5BC4D700557DA5 /* CollectionTabViewCell.swift in Sources */ = {isa = PBXBuildFile; fileRef = 84AC73E41A5BC4D700557DA5 /* CollectionTabViewCell.swift */; };
		84AC73E71A5C095800557DA5 /* MyCollectionViewCell.swift in Sources */ = {isa = PBXBuildFile; fileRef = 84AC73E61A5C095800557DA5 /* MyCollectionViewCell.swift */; };
		84B470B61A5ADDEE001F33D7 /* AppDelegate.swift in Sources */ = {isa = PBXBuildFile; fileRef = 84B470B51A5ADDEE001F33D7 /* AppDelegate.swift */; };
		84B470B81A5ADDEE001F33D7 /* ViewController.swift in Sources */ = {isa = PBXBuildFile; fileRef = 84B470B71A5ADDEE001F33D7 /* ViewController.swift */; };
		84B470BB1A5ADDEE001F33D7 /* Main.storyboard in Resources */ = {isa = PBXBuildFile; fileRef = 84B470B91A5ADDEE001F33D7 /* Main.storyboard */; };
		84B470BD1A5ADDEE001F33D7 /* Images.xcassets in Resources */ = {isa = PBXBuildFile; fileRef = 84B470BC1A5ADDEE001F33D7 /* Images.xcassets */; };
		84B470C01A5ADDEE001F33D7 /* LaunchScreen.xib in Resources */ = {isa = PBXBuildFile; fileRef = 84B470BE1A5ADDEE001F33D7 /* LaunchScreen.xib */; };
		84B470CC1A5ADDEE001F33D7 /* TableViewAndCollectionViewTests.swift in Sources */ = {isa = PBXBuildFile; fileRef = 84B470CB1A5ADDEE001F33D7 /* TableViewAndCollectionViewTests.swift */; };
		84B470D61A5AE363001F33D7 /* CollectionTabViewController.swift in Sources */ = {isa = PBXBuildFile; fileRef = 84B470D51A5AE363001F33D7 /* CollectionTabViewController.swift */; };
/* End PBXBuildFile section */

/* Begin PBXContainerItemProxy section */
		84B470C61A5ADDEE001F33D7 /* PBXContainerItemProxy */ = {
			isa = PBXContainerItemProxy;
			containerPortal = 84B470A81A5ADDEE001F33D7 /* Project object */;
			proxyType = 1;
			remoteGlobalIDString = 84B470AF1A5ADDEE001F33D7;
			remoteInfo = TableViewAndCollectionView;
		};
/* End PBXContainerItemProxy section */

/* Begin PBXFileReference section */
		84AC73E41A5BC4D700557DA5 /* CollectionTabViewCell.swift */ = {isa = PBXFileReference; fileEncoding = 4; lastKnownFileType = sourcecode.swift; path = CollectionTabViewCell.swift; sourceTree = "<group>"; };
		84AC73E61A5C095800557DA5 /* MyCollectionViewCell.swift */ = {isa = PBXFileReference; fileEncoding = 4; lastKnownFileType = sourcecode.swift; path = MyCollectionViewCell.swift; sourceTree = "<group>"; };
		84B470B01A5ADDEE001F33D7 /* TableViewAndCollectionView.app */ = {isa = PBXFileReference; explicitFileType = wrapper.application; includeInIndex = 0; path = TableViewAndCollectionView.app; sourceTree = BUILT_PRODUCTS_DIR; };
		84B470B41A5ADDEE001F33D7 /* Info.plist */ = {isa = PBXFileReference; lastKnownFileType = text.plist.xml; path = Info.plist; sourceTree = "<group>"; };
		84B470B51A5ADDEE001F33D7 /* AppDelegate.swift */ = {isa = PBXFileReference; lastKnownFileType = sourcecode.swift; path = AppDelegate.swift; sourceTree = "<group>"; };
		84B470B71A5ADDEE001F33D7 /* ViewController.swift */ = {isa = PBXFileReference; lastKnownFileType = sourcecode.swift; path = ViewController.swift; sourceTree = "<group>"; };
		84B470BA1A5ADDEE001F33D7 /* Base */ = {isa = PBXFileReference; lastKnownFileType = file.storyboard; name = Base; path = Base.lproj/Main.storyboard; sourceTree = "<group>"; };
		84B470BC1A5ADDEE001F33D7 /* Images.xcassets */ = {isa = PBXFileReference; lastKnownFileType = folder.assetcatalog; path = Images.xcassets; sourceTree = "<group>"; };
		84B470BF1A5ADDEE001F33D7 /* Base */ = {isa = PBXFileReference; lastKnownFileType = file.xib; name = Base; path = Base.lproj/LaunchScreen.xib; sourceTree = "<group>"; };
		84B470C51A5ADDEE001F33D7 /* TableViewAndCollectionViewTests.xctest */ = {isa = PBXFileReference; explicitFileType = wrapper.cfbundle; includeInIndex = 0; path = TableViewAndCollectionViewTests.xctest; sourceTree = BUILT_PRODUCTS_DIR; };
		84B470CA1A5ADDEE001F33D7 /* Info.plist */ = {isa = PBXFileReference; lastKnownFileType = text.plist.xml; path = Info.plist; sourceTree = "<group>"; };
		84B470CB1A5ADDEE001F33D7 /* TableViewAndCollectionViewTests.swift */ = {isa = PBXFileReference; lastKnownFileType = sourcecode.swift; path = TableViewAndCollectionViewTests.swift; sourceTree = "<group>"; };
		84B470D51A5AE363001F33D7 /* CollectionTabViewController.swift */ = {isa = PBXFileReference; fileEncoding = 4; lastKnownFileType = sourcecode.swift; path = CollectionTabViewController.swift; sourceTree = "<group>"; };
/* End PBXFileReference section */

/* Begin PBXFrameworksBuildPhase section */
		84B470AD1A5ADDEE001F33D7 /* Frameworks */ = {
			isa = PBXFrameworksBuildPhase;
			buildActionMask = 2147483647;
			files = (
			);
			runOnlyForDeploymentPostprocessing = 0;
		};
		84B470C21A5ADDEE001F33D7 /* Frameworks */ = {
			isa = PBXFrameworksBuildPhase;
			buildActionMask = 2147483647;
			files = (
			);
			runOnlyForDeploymentPostprocessing = 0;
		};
/* End PBXFrameworksBuildPhase section */

/* Begin PBXGroup section */
		84B470A71A5ADDEE001F33D7 = {
			isa = PBXGroup;
			children = (
				84B470B21A5ADDEE001F33D7 /* TableViewAndCollectionView */,
				84B470C81A5ADDEE001F33D7 /* TableViewAndCollectionViewTests */,
				84B470B11A5ADDEE001F33D7 /* Products */,
			);
			sourceTree = "<group>";
		};
		84B470B11A5ADDEE001F33D7 /* Products */ = {
			isa = PBXGroup;
			children = (
				84B470B01A5ADDEE001F33D7 /* TableViewAndCollectionView.app */,
				84B470C51A5ADDEE001F33D7 /* TableViewAndCollectionViewTests.xctest */,
			);
			name = Products;
			sourceTree = "<group>";
		};
		84B470B21A5ADDEE001F33D7 /* TableViewAndCollectionView */ = {
			isa = PBXGroup;
			children = (
				84B470B51A5ADDEE001F33D7 /* AppDelegate.swift */,
				84B470D51A5AE363001F33D7 /* CollectionTabViewController.swift */,
				84AC73E61A5C095800557DA5 /* MyCollectionViewCell.swift */,
				84AC73E41A5BC4D700557DA5 /* CollectionTabViewCell.swift */,
				84B470B71A5ADDEE001F33D7 /* ViewController.swift */,
				84B470B91A5ADDEE001F33D7 /* Main.storyboard */,
				84B470BC1A5ADDEE001F33D7 /* Images.xcassets */,
				84B470BE1A5ADDEE001F33D7 /* LaunchScreen.xib */,
				84B470B31A5ADDEE001F33D7 /* Supporting Files */,
			);
			path = TableViewAndCollectionView;
			sourceTree = "<group>";
		};
		84B470B31A5ADDEE001F33D7 /* Supporting Files */ = {
			isa = PBXGroup;
			children = (
				84B470B41A5ADDEE001F33D7 /* Info.plist */,
			);
			name = "Supporting Files";
			sourceTree = "<group>";
		};
		84B470C81A5ADDEE001F33D7 /* TableViewAndCollectionViewTests */ = {
			isa = PBXGroup;
			children = (
				84B470CB1A5ADDEE001F33D7 /* TableViewAndCollectionViewTests.swift */,
				84B470C91A5ADDEE001F33D7 /* Supporting Files */,
			);
			path = TableViewAndCollectionViewTests;
			sourceTree = "<group>";
		};
		84B470C91A5ADDEE001F33D7 /* Supporting Files */ = {
			isa = PBXGroup;
			children = (
				84B470CA1A5ADDEE001F33D7 /* Info.plist */,
			);
			name = "Supporting Files";
			sourceTree = "<group>";
		};
/* End PBXGroup section */

/* Begin PBXNativeTarget section */
		84B470AF1A5ADDEE001F33D7 /* TableViewAndCollectionView */ = {
			isa = PBXNativeTarget;
			buildConfigurationList = 84B470CF1A5ADDEE001F33D7 /* Build configuration list for PBXNativeTarget "TableViewAndCollectionView" */;
			buildPhases = (
				84B470AC1A5ADDEE001F33D7 /* Sources */,
				84B470AD1A5ADDEE001F33D7 /* Frameworks */,
				84B470AE1A5ADDEE001F33D7 /* Resources */,
			);
			buildRules = (
			);
			dependencies = (
			);
			name = TableViewAndCollectionView;
			productName = TableViewAndCollectionView;
			productReference = 84B470B01A5ADDEE001F33D7 /* TableViewAndCollectionView.app */;
			productType = "com.apple.product-type.application";
		};
		84B470C41A5ADDEE001F33D7 /* TableViewAndCollectionViewTests */ = {
			isa = PBXNativeTarget;
			buildConfigurationList = 84B470D21A5ADDEE001F33D7 /* Build configuration list for PBXNativeTarget "TableViewAndCollectionViewTests" */;
			buildPhases = (
				84B470C11A5ADDEE001F33D7 /* Sources */,
				84B470C21A5ADDEE001F33D7 /* Frameworks */,
				84B470C31A5ADDEE001F33D7 /* Resources */,
			);
			buildRules = (
			);
			dependencies = (
				84B470C71A5ADDEE001F33D7 /* PBXTargetDependency */,
			);
			name = TableViewAndCollectionViewTests;
			productName = TableViewAndCollectionViewTests;
			productReference = 84B470C51A5ADDEE001F33D7 /* TableViewAndCollectionViewTests.xctest */;
			productType = "com.apple.product-type.bundle.unit-test";
		};
/* End PBXNativeTarget section */

/* Begin PBXProject section */
		84B470A81A5ADDEE001F33D7 /* Project object */ = {
			isa = PBXProject;
			attributes = {
				LastSwiftMigration = 0730;
				LastSwiftUpdateCheck = 0730;
				LastUpgradeCheck = 0620;
				ORGANIZATIONNAME = "刘隆昌";
				TargetAttributes = {
					84B470AF1A5ADDEE001F33D7 = {
						CreatedOnToolsVersion = 6.2;
					};
					84B470C41A5ADDEE001F33D7 = {
						CreatedOnToolsVersion = 6.2;
						TestTargetID = 84B470AF1A5ADDEE001F33D7;
					};
				};
			};
			buildConfigurationList = 84B470AB1A5ADDEE001F33D7 /* Build configuration list for PBXProject "TableViewAndCollectionView" */;
			compatibilityVersion = "Xcode 3.2";
			developmentRegion = English;
			hasScannedForEncodings = 0;
			knownRegions = (
				en,
				Base,
			);
			mainGroup = 84B470A71A5ADDEE001F33D7;
			productRefGroup = 84B470B11A5ADDEE001F33D7 /* Products */;
			projectDirPath = "";
			projectRoot = "";
			targets = (
				84B470AF1A5ADDEE001F33D7 /* TableViewAndCollectionView */,
				84B470C41A5ADDEE001F33D7 /* TableViewAndCollectionViewTests */,
			);
		};
/* End PBXProject section */

/* Begin PBXResourcesBuildPhase section */
		84B470AE1A5ADDEE001F33D7 /* Resources */ = {
			isa = PBXResourcesBuildPhase;
			buildActionMask = 2147483647;
			files = (
				84B470BB1A5ADDEE001F33D7 /* Main.storyboard in Resources */,
				84B470C01A5ADDEE001F33D7 /* LaunchScreen.xib in Resources */,
				84B470BD1A5ADDEE001F33D7 /* Images.xcassets in Resources */,
			);
			runOnlyForDeploymentPostprocessing = 0;
		};
		84B470C31A5ADDEE001F33D7 /* Resources */ = {
			isa = PBXResourcesBuildPhase;
			buildActionMask = 2147483647;
			files = (
			);
			runOnlyForDeploymentPostprocessing = 0;
		};
/* End PBXResourcesBuildPhase section */

/* Begin PBXSourcesBuildPhase section */
		84B470AC1A5ADDEE001F33D7 /* Sources */ = {
			isa = PBXSourcesBuildPhase;
			buildActionMask = 2147483647;
			files = (
				84AC73E51A5BC4D700557DA5 /* CollectionTabViewCell.swift in Sources */,
				84AC73E71A5C095800557DA5 /* MyCollectionViewCell.swift in Sources */,
				84B470B81A5ADDEE001F33D7 /* ViewController.swift in Sources */,
				84B470D61A5AE363001F33D7 /* CollectionTabViewController.swift in Sources */,
				84B470B61A5ADDEE001F33D7 /* AppDelegate.swift in Sources */,
			);
			runOnlyForDeploymentPostprocessing = 0;
		};
		84B470C11A5ADDEE001F33D7 /* Sources */ = {
			isa = PBXSourcesBuildPhase;
			buildActionMask = 2147483647;
			files = (
				84B470CC1A5ADDEE001F33D7 /* TableViewAndCollectionViewTests.swift in Sources */,
			);
			runOnlyForDeploymentPostprocessing = 0;
		};
/* End PBXSourcesBuildPhase section */

/* Begin PBXTargetDependency section */
		84B470C71A5ADDEE001F33D7 /* PBXTargetDependency */ = {
			isa = PBXTargetDependency;
			target = 84B470AF1A5ADDEE001F33D7 /* TableViewAndCollectionView */;
			targetProxy = 84B470C61A5ADDEE001F33D7 /* PBXContainerItemProxy */;
		};
/* End PBXTargetDependency section */

/* Begin PBXVariantGroup section */
		84B470B91A5ADDEE001F33D7 /* Main.storyboard */ = {
			isa = PBXVariantGroup;
			children = (
				84B470BA1A5ADDEE001F33D7 /* Base */,
			);
			name = Main.storyboard;
			sourceTree = "<group>";
		};
		84B470BE1A5ADDEE001F33D7 /* LaunchScreen.xib */ = {
			isa = PBXVariantGroup;
			children = (
				84B470BF1A5ADDEE001F33D7 /* Base */,
			);
			name = LaunchScreen.xib;
			sourceTree = "<group>";
		};
/* End PBXVariantGroup section */

/* Begin XCBuildConfiguration section */
		84B470CD1A5ADDEE001F33D7 /* Debug */ = {
			isa = XCBuildConfiguration;
			buildSettings = {
				ALWAYS_SEARCH_USER_PATHS = NO;
				CLANG_CXX_LANGUAGE_STANDARD = "gnu++0x";
				CLANG_CXX_LIBRARY = "libc++";
				CLANG_ENABLE_MODULES = YES;
				CLANG_ENABLE_OBJC_ARC = YES;
				CLANG_WARN_BOOL_CONVERSION = YES;
				CLANG_WARN_CONSTANT_CONVERSION = YES;
				CLANG_WARN_DIRECT_OBJC_ISA_USAGE = YES_ERROR;
				CLANG_WARN_EMPTY_BODY = YES;
				CLANG_WARN_ENUM_CONVERSION = YES;
				CLANG_WARN_INT_CONVERSION = YES;
				CLANG_WARN_OBJC_ROOT_CLASS = YES_ERROR;
				CLANG_WARN_UNREACHABLE_CODE = YES;
				CLANG_WARN__DUPLICATE_METHOD_MATCH = YES;
				"CODE_SIGN_IDENTITY[sdk=iphoneos*]" = "iPhone Developer";
				COPY_PHASE_STRIP = NO;
				ENABLE_STRICT_OBJC_MSGSEND = YES;
				GCC_C_LANGUAGE_STANDARD = gnu99;
				GCC_DYNAMIC_NO_PIC = NO;
				GCC_OPTIMIZATION_LEVEL = 0;
				GCC_PREPROCESSOR_DEFINITIONS = (
					"DEBUG=1",
					"$(inherited)",
				);
				GCC_SYMBOLS_PRIVATE_EXTERN = NO;
				GCC_WARN_64_TO_32_BIT_CONVERSION = YES;
				GCC_WARN_ABOUT_RETURN_TYPE = YES_ERROR;
				GCC_WARN_UNDECLARED_SELECTOR = YES;
				GCC_WARN_UNINITIALIZED_AUTOS = YES_AGGRESSIVE;
				GCC_WARN_UNUSED_FUNCTION = YES;
				GCC_WARN_UNUSED_VARIABLE = YES;
				IPHONEOS_DEPLOYMENT_TARGET = 8.2;
				MTL_ENABLE_DEBUG_INFO = YES;
				ONLY_ACTIVE_ARCH = YES;
				SDKROOT = iphoneos;
				SWIFT_OPTIMIZATION_LEVEL = "-Onone";
			};
			name = Debug;
		};
		84B470CE1A5ADDEE001F33D7 /* Release */ = {
			isa = XCBuildConfiguration;
			buildSettings = {
				ALWAYS_SEARCH_USER_PATHS = NO;
				CLANG_CXX_LANGUAGE_STANDARD = "gnu++0x";
				CLANG_CXX_LIBRARY = "libc++";
				CLANG_ENABLE_MODULES = YES;
				CLANG_ENABLE_OBJC_ARC = YES;
				CLANG_WARN_BOOL_CONVERSION = YES;
				CLANG_WARN_CONSTANT_CONVERSION = YES;
				CLANG_WARN_DIRECT_OBJC_ISA_USAGE = YES_ERROR;
				CLANG_WARN_EMPTY_BODY = YES;
				CLANG_WARN_ENUM_CONVERSION = YES;
				CLANG_WARN_INT_CONVERSION = YES;
				CLANG_WARN_OBJC_ROOT_CLASS = YES_ERROR;
				CLANG_WARN_UNREACHABLE_CODE = YES;
				CLANG_WARN__DUPLICATE_METHOD_MATCH = YES;
				"CODE_SIGN_IDENTITY[sdk=iphoneos*]" = "iPhone Developer";
				COPY_PHASE_STRIP = YES;
				ENABLE_NS_ASSERTIONS = NO;
				ENABLE_STRICT_OBJC_MSGSEND = YES;
				GCC_C_LANGUAGE_STANDARD = gnu99;
				GCC_WARN_64_TO_32_BIT_CONVERSION = YES;
				GCC_WARN_ABOUT_RETURN_TYPE = YES_ERROR;
				GCC_WARN_UNDECLARED_SELECTOR = YES;
				GCC_WARN_UNINITIALIZED_AUTOS = YES_AGGRESSIVE;
				GCC_WARN_UNUSED_FUNCTION = YES;
				GCC_WARN_UNUSED_VARIABLE = YES;
				IPHONEOS_DEPLOYMENT_TARGET = 8.2;
				MTL_ENABLE_DEBUG_INFO = NO;
				SDKROOT = iphoneos;
				VALIDATE_PRODUCT = YES;
			};
			name = Release;
		};
		84B470D01A5ADDEE001F33D7 /* Debug */ = {
			isa = XCBuildConfiguration;
			buildSettings = {
				ASSETCATALOG_COMPILER_APPICON_NAME = AppIcon;
				INFOPLIST_FILE = TableViewAndCollectionView/Info.plist;
				LD_RUNPATH_SEARCH_PATHS = "$(inherited) @executable_path/Frameworks";
				PRODUCT_NAME = "$(TARGET_NAME)";
			};
			name = Debug;
		};
		84B470D11A5ADDEE001F33D7 /* Release */ = {
			isa = XCBuildConfiguration;
			buildSettings = {
				ASSETCATALOG_COMPILER_APPICON_NAME = AppIcon;
				INFOPLIST_FILE = TableViewAndCollectionView/Info.plist;
				LD_RUNPATH_SEARCH_PATHS = "$(inherited) @executable_path/Frameworks";
				PRODUCT_NAME = "$(TARGET_NAME)";
			};
			name = Release;
		};
		84B470D31A5ADDEE001F33D7 /* Debug */ = {
			isa = XCBuildConfiguration;
			buildSettings = {
				BUNDLE_LOADER = "$(TEST_HOST)";
				FRAMEWORK_SEARCH_PATHS = (
					"$(SDKROOT)/Developer/Library/Frameworks",
					"$(inherited)",
				);
				GCC_PREPROCESSOR_DEFINITIONS = (
					"DEBUG=1",
					"$(inherited)",
				);
				INFOPLIST_FILE = TableViewAndCollectionViewTests/Info.plist;
				LD_RUNPATH_SEARCH_PATHS = "$(inherited) @executable_path/Frameworks @loader_path/Frameworks";
				PRODUCT_NAME = "$(TARGET_NAME)";
				TEST_HOST = "$(BUILT_PRODUCTS_DIR)/TableViewAndCollectionView.app/TableViewAndCollectionView";
			};
			name = Debug;
		};
		84B470D41A5ADDEE001F33D7 /* Release */ = {
			isa = XCBuildConfiguration;
			buildSettings = {
				BUNDLE_LOADER = "$(TEST_HOST)";
				FRAMEWORK_SEARCH_PATHS = (
					"$(SDKROOT)/Developer/Library/Frameworks",
					"$(inherited)",
				);
				INFOPLIST_FILE = TableViewAndCollectionViewTests/Info.plist;
				LD_RUNPATH_SEARCH_PATHS = "$(inherited) @executable_path/Frameworks @loader_path/Frameworks";
				PRODUCT_NAME = "$(TARGET_NAME)";
				TEST_HOST = "$(BUILT_PRODUCTS_DIR)/TableViewAndCollectionView.app/TableViewAndCollectionView";
			};
			name = Release;
		};
/* End XCBuildConfiguration section */

/* Begin XCConfigurationList section */
		84B470AB1A5ADDEE001F33D7 /* Build configuration list for PBXProject "TableViewAndCollectionView" */ = {
			isa = XCConfigurationList;
			buildConfigurations = (
				84B470CD1A5ADDEE001F33D7 /* Debug */,
				84B470CE1A5ADDEE001F33D7 /* Release */,
			);
			defaultConfigurationIsVisible = 0;
			defaultConfigurationName = Release;
		};
		84B470CF1A5ADDEE001F33D7 /* Build configuration list for PBXNativeTarget "TableViewAndCollectionView" */ = {
			isa = XCConfigurationList;
			buildConfigurations = (
				84B470D01A5ADDEE001F33D7 /* Debug */,
				84B470D11A5ADDEE001F33D7 /* Release */,
			);
			defaultConfigurationIsVisible = 0;
			defaultConfigurationName = Release;
		};
		84B470D21A5ADDEE001F33D7 /* Build configuration list for PBXNativeTarget "TableViewAndCollectionViewTests" */ = {
			isa = XCConfigurationList;
			buildConfigurations = (
				84B470D31A5ADDEE001F33D7 /* Debug */,
				84B470D41A5ADDEE001F33D7 /* Release */,
			);
			defaultConfigurationIsVisible = 0;
			defaultConfigurationName = Release;
		};
/* End XCConfigurationList section */
	};
	rootObject = 84B470A81A5ADDEE001F33D7 /* Project object */;
}
